
Microsoft Visual Studio Solution File, Format Version 12.00
# Visual Studio Version 17
VisualStudioVersion = 17.6.33829.357
MinimumVisualStudioVersion = 10.0.40219.1
Project("{FAE04EC0-301F-11D3-BF4B-00C04F79EFBC}") = "RestWithASPNETUdemy", "RestWithASPNETUdemy\RestWithASPNETUdemy.csproj", "{A8F4771C-B8C0-4D14-934E-D7202BFBA007}"
EndProject
Global
	GlobalSection(SolutionConfigurationPlatforms) = preSolution
		Debug|Any CPU = Debug|Any CPU
		Release|Any CPU = Release|Any CPU
	EndGlobalSection
	GlobalSection(ProjectConfigurationPlatforms) = postSolution
		{A8F4771C-B8C0-4D14-934E-D7202BFBA007}.Debug|Any CPU.ActiveCfg = Debug|Any CPU
		{A8F4771C-B8C0-4D14-934E-D7202BFBA007}.Debug|Any CPU.Build.0 = Debug|Any CPU
		{A8F4771C-B8C0-4D14-934E-D7202BFBA007}.Release|Any CPU.ActiveCfg = Release|Any CPU
		{A8F4771C-B8C0-4D14-934E-D7202BFBA007}.Release|Any CPU.Build.0 = Release|Any CPU
	EndGlobalSection
	GlobalSection(SolutionProperties) = preSolution
		HideSolutionNode = FALSE
	EndGlobalSection
	GlobalSection(ExtensibilityGlobals) = postSolution
		SolutionGuid = {686CB14B-156B-4A22-A40E-A9CD91FC7A64}
	EndGlobalSection
EndGlobal
